
Microsoft Visual Studio Solution File, Format Version 12.00
# Visual Studio Version 17
VisualStudioVersion = 17.14.36705.20 d17.14
MinimumVisualStudioVersion = 10.0.40219.1
Project("{FAE04EC0-301F-11D3-BF4B-00C04F79EFBC}") = "SecurityDotnet", "SecurityDotnet\SecurityDotnet.csproj", "{510F66BD-FC4A-47CF-9AA3-ADC5F2E323B9}"
EndProject
Global
	GlobalSection(SolutionConfigurationPlatforms) = preSolution
		Debug|Any CPU = Debug|Any CPU
		Release|Any CPU = Release|Any CPU
	EndGlobalSection
	GlobalSection(ProjectConfigurationPlatforms) = postSolution
		{510F66BD-FC4A-47CF-9AA3-ADC5F2E323B9}.Debug|Any CPU.ActiveCfg = Debug|Any CPU
		{510F66BD-FC4A-47CF-9AA3-ADC5F2E323B9}.Debug|Any CPU.Build.0 = Debug|Any CPU
		{510F66BD-FC4A-47CF-9AA3-ADC5F2E323B9}.Release|Any CPU.ActiveCfg = Release|Any CPU
		{510F66BD-FC4A-47CF-9AA3-ADC5F2E323B9}.Release|Any CPU.Build.0 = Release|Any CPU
	EndGlobalSection
	GlobalSection(SolutionProperties) = preSolution
		HideSolutionNode = FALSE
	EndGlobalSection
	GlobalSection(ExtensibilityGlobals) = postSolution
		SolutionGuid = {3EA5DD88-500E-4B7E-B14F-B1D5BE053759}
	EndGlobalSection
EndGlobal
